// !$*UTF8*$!
{
	archiveVersion = 1;
	classes = {
	};
	objectVersion = 50;
	objects = {

/* Begin PBXBuildFile section */
		602D866C21F7A5AC00234338 /* AppDelegate.swift in Sources */ = {isa = PBXBuildFile; fileRef = 602D866B21F7A5AC00234338 /* AppDelegate.swift */; };
		602D866E21F7A5AC00234338 /* ViewController.swift in Sources */ = {isa = PBXBuildFile; fileRef = 602D866D21F7A5AC00234338 /* ViewController.swift */; };
		602D867121F7A5AC00234338 /* Main.storyboard in Resources */ = {isa = PBXBuildFile; fileRef = 602D866F21F7A5AC00234338 /* Main.storyboard */; };
		602D867321F7A5AE00234338 /* Assets.xcassets in Resources */ = {isa = PBXBuildFile; fileRef = 602D867221F7A5AE00234338 /* Assets.xcassets */; };
		602D867621F7A5AE00234338 /* LaunchScreen.storyboard in Resources */ = {isa = PBXBuildFile; fileRef = 602D867421F7A5AE00234338 /* LaunchScreen.storyboard */; };
		602D869A21F7A5E900234338 /* ThreadSafeClass.swift in Sources */ = {isa = PBXBuildFile; fileRef = 602D869921F7A5E900234338 /* ThreadSafeClass.swift */; };
		602D869C21F7B16200234338 /* DoerClass.swift in Sources */ = {isa = PBXBuildFile; fileRef = 602D869B21F7B16200234338 /* DoerClass.swift */; };
/* End PBXBuildFile section */

/* Begin PBXContainerItemProxy section */
		602D867D21F7A5AE00234338 /* PBXContainerItemProxy */ = {
			isa = PBXContainerItemProxy;
			containerPortal = 602D866021F7A5AC00234338 /* Project object */;
			proxyType = 1;
			remoteGlobalIDString = 602D866721F7A5AC00234338;
			remoteInfo = MultiThreadingExamplesSwift;
		};
		602D868821F7A5AE00234338 /* PBXContainerItemProxy */ = {
			isa = PBXContainerItemProxy;
			containerPortal = 602D866021F7A5AC00234338 /* Project object */;
			proxyType = 1;
			remoteGlobalIDString = 602D866721F7A5AC00234338;
			remoteInfo = MultiThreadingExamplesSwift;
		};
/* End PBXContainerItemProxy section */

/* Begin PBXFileReference section */
		602D866821F7A5AC00234338 /* MultiThreadingExamplesSwift.app */ = {isa = PBXFileReference; explicitFileType = wrapper.application; includeInIndex = 0; path = MultiThreadingExamplesSwift.app; sourceTree = BUILT_PRODUCTS_DIR; };
		602D866B21F7A5AC00234338 /* AppDelegate.swift */ = {isa = PBXFileReference; lastKnownFileType = sourcecode.swift; path = AppDelegate.swift; sourceTree = "<group>"; };
		602D866D21F7A5AC00234338 /* ViewController.swift */ = {isa = PBXFileReference; lastKnownFileType = sourcecode.swift; path = ViewController.swift; sourceTree = "<group>"; };
		602D867021F7A5AC00234338 /* Base */ = {isa = PBXFileReference; lastKnownFileType = file.storyboard; name = Base; path = Base.lproj/Main.storyboard; sourceTree = "<group>"; };
		602D867221F7A5AE00234338 /* Assets.xcassets */ = {isa = PBXFileReference; lastKnownFileType = folder.assetcatalog; path = Assets.xcassets; sourceTree = "<group>"; };
		602D867521F7A5AE00234338 /* Base */ = {isa = PBXFileReference; lastKnownFileType = file.storyboard; name = Base; path = Base.lproj/LaunchScreen.storyboard; sourceTree = "<group>"; };
		602D867721F7A5AE00234338 /* Info.plist */ = {isa = PBXFileReference; lastKnownFileType = text.plist.xml; path = Info.plist; sourceTree = "<group>"; };
		602D867C21F7A5AE00234338 /* MultiThreadingExamplesSwiftTests.xctest */ = {isa = PBXFileReference; explicitFileType = wrapper.cfbundle; includeInIndex = 0; path = MultiThreadingExamplesSwiftTests.xctest; sourceTree = BUILT_PRODUCTS_DIR; };
		602D868721F7A5AE00234338 /* MultiThreadingExamplesSwiftUITests.xctest */ = {isa = PBXFileReference; explicitFileType = wrapper.cfbundle; includeInIndex = 0; path = MultiThreadingExamplesSwiftUITests.xctest; sourceTree = BUILT_PRODUCTS_DIR; };
		602D869921F7A5E900234338 /* ThreadSafeClass.swift */ = {isa = PBXFileReference; lastKnownFileType = sourcecode.swift; path = ThreadSafeClass.swift; sourceTree = "<group>"; };
		602D869B21F7B16200234338 /* DoerClass.swift */ = {isa = PBXFileReference; lastKnownFileType = sourcecode.swift; path = DoerClass.swift; sourceTree = "<group>"; };
/* End PBXFileReference section */

/* Begin PBXFrameworksBuildPhase section */
		602D866521F7A5AC00234338 /* Frameworks */ = {
			isa = PBXFrameworksBuildPhase;
			buildActionMask = 2147483647;
			files = (
			);
			runOnlyForDeploymentPostprocessing = 0;
		};
		602D867921F7A5AE00234338 /* Frameworks */ = {
			isa = PBXFrameworksBuildPhase;
			buildActionMask = 2147483647;
			files = (
			);
			runOnlyForDeploymentPostprocessing = 0;
		};
		602D868421F7A5AE00234338 /* Frameworks */ = {
			isa = PBXFrameworksBuildPhase;
			buildActionMask = 2147483647;
			files = (
			);
			runOnlyForDeploymentPostprocessing = 0;
		};
/* End PBXFrameworksBuildPhase section */

/* Begin PBXGroup section */
		602D865F21F7A5AC00234338 = {
			isa = PBXGroup;
			children = (
				602D866A21F7A5AC00234338 /* MultiThreadingExamplesSwift */,
				602D866921F7A5AC00234338 /* Products */,
			);
			sourceTree = "<group>";
		};
		602D866921F7A5AC00234338 /* Products */ = {
			isa = PBXGroup;
			children = (
				602D866821F7A5AC00234338 /* MultiThreadingExamplesSwift.app */,
				602D867C21F7A5AE00234338 /* MultiThreadingExamplesSwiftTests.xctest */,
				602D868721F7A5AE00234338 /* MultiThreadingExamplesSwiftUITests.xctest */,
			);
			name = Products;
			sourceTree = "<group>";
		};
		602D866A21F7A5AC00234338 /* MultiThreadingExamplesSwift */ = {
			isa = PBXGroup;
			children = (
				602D866B21F7A5AC00234338 /* AppDelegate.swift */,
				602D866D21F7A5AC00234338 /* ViewController.swift */,
				602D866F21F7A5AC00234338 /* Main.storyboard */,
				602D867221F7A5AE00234338 /* Assets.xcassets */,
				602D867421F7A5AE00234338 /* LaunchScreen.storyboard */,
				602D867721F7A5AE00234338 /* Info.plist */,
				602D869921F7A5E900234338 /* ThreadSafeClass.swift */,
				602D869B21F7B16200234338 /* DoerClass.swift */,
			);
			path = MultiThreadingExamplesSwift;
			sourceTree = "<group>";
		};
/* End PBXGroup section */

/* Begin PBXNativeTarget section */
		602D866721F7A5AC00234338 /* MultiThreadingExamplesSwift */ = {
			isa = PBXNativeTarget;
			buildConfigurationList = 602D869021F7A5AE00234338 /* Build configuration list for PBXNativeTarget "MultiThreadingExamplesSwift" */;
			buildPhases = (
				602D866421F7A5AC00234338 /* Sources */,
				602D866521F7A5AC00234338 /* Frameworks */,
				602D866621F7A5AC00234338 /* Resources */,
			);
			buildRules = (
			);
			dependencies = (
			);
			name = MultiThreadingExamplesSwift;
			productName = MultiThreadingExamplesSwift;
			productReference = 602D866821F7A5AC00234338 /* MultiThreadingExamplesSwift.app */;
			productType = "com.apple.product-type.application";
		};
		602D867B21F7A5AE00234338 /* MultiThreadingExamplesSwiftTests */ = {
			isa = PBXNativeTarget;
			buildConfigurationList = 602D869321F7A5AE00234338 /* Build configuration list for PBXNativeTarget "MultiThreadingExamplesSwiftTests" */;
			buildPhases = (
				602D867821F7A5AE00234338 /* Sources */,
				602D867921F7A5AE00234338 /* Frameworks */,
				602D867A21F7A5AE00234338 /* Resources */,
			);
			buildRules = (
			);
			dependencies = (
				602D867E21F7A5AE00234338 /* PBXTargetDependency */,
			);
			name = MultiThreadingExamplesSwiftTests;
			productName = MultiThreadingExamplesSwiftTests;
			productReference = 602D867C21F7A5AE00234338 /* MultiThreadingExamplesSwiftTests.xctest */;
			productType = "com.apple.product-type.bundle.unit-test";
		};
		602D868621F7A5AE00234338 /* MultiThreadingExamplesSwiftUITests */ = {
			isa = PBXNativeTarget;
			buildConfigurationList = 602D869621F7A5AE00234338 /* Build configuration list for PBXNativeTarget "MultiThreadingExamplesSwiftUITests" */;
			buildPhases = (
				602D868321F7A5AE00234338 /* Sources */,
				602D868421F7A5AE00234338 /* Frameworks */,
				602D868521F7A5AE00234338 /* Resources */,
			);
			buildRules = (
			);
			dependencies = (
				602D868921F7A5AE00234338 /* PBXTargetDependency */,
			);
			name = MultiThreadingExamplesSwiftUITests;
			productName = MultiThreadingExamplesSwiftUITests;
			productReference = 602D868721F7A5AE00234338 /* MultiThreadingExamplesSwiftUITests.xctest */;
			productType = "com.apple.product-type.bundle.ui-testing";
		};
/* End PBXNativeTarget section */

/* Begin PBXProject section */
		602D866021F7A5AC00234338 /* Project object */ = {
			isa = PBXProject;
			attributes = {
				LastSwiftUpdateCheck = 1010;
				LastUpgradeCheck = 1010;
				ORGANIZATIONNAME = "Рабочий";
				TargetAttributes = {
					602D866721F7A5AC00234338 = {
						CreatedOnToolsVersion = 10.1;
					};
					602D867B21F7A5AE00234338 = {
						CreatedOnToolsVersion = 10.1;
						TestTargetID = 602D866721F7A5AC00234338;
					};
					602D868621F7A5AE00234338 = {
						CreatedOnToolsVersion = 10.1;
						TestTargetID = 602D866721F7A5AC00234338;
					};
				};
			};
			buildConfigurationList = 602D866321F7A5AC00234338 /* Build configuration list for PBXProject "MultiThreadingExamplesSwift" */;
			compatibilityVersion = "Xcode 9.3";
			developmentRegion = en;
			hasScannedForEncodings = 0;
			knownRegions = (
				en,
				Base,
			);
			mainGroup = 602D865F21F7A5AC00234338;
			productRefGroup = 602D866921F7A5AC00234338 /* Products */;
			projectDirPath = "";
			projectRoot = "";
			targets = (
				602D866721F7A5AC00234338 /* MultiThreadingExamplesSwift */,
				602D867B21F7A5AE00234338 /* MultiThreadingExamplesSwiftTests */,
				602D868621F7A5AE00234338 /* MultiThreadingExamplesSwiftUITests */,
			);
		};
/* End PBXProject section */

/* Begin PBXResourcesBuildPhase section */
		602D866621F7A5AC00234338 /* Resources */ = {
			isa = PBXResourcesBuildPhase;
			buildActionMask = 2147483647;
			files = (
				602D867621F7A5AE00234338 /* LaunchScreen.storyboard in Resources */,
				602D867321F7A5AE00234338 /* Assets.xcassets in Resources */,
				602D867121F7A5AC00234338 /* Main.storyboard in Resources */,
			);
			runOnlyForDeploymentPostprocessing = 0;
		};
		602D867A21F7A5AE00234338 /* Resources */ = {
			isa = PBXResourcesBuildPhase;
			buildActionMask = 2147483647;
			files = (
			);
			runOnlyForDeploymentPostprocessing = 0;
		};
		602D868521F7A5AE00234338 /* Resources */ = {
			isa = PBXResourcesBuildPhase;
			buildActionMask = 2147483647;
			files = (
			);
			runOnlyForDeploymentPostprocessing = 0;
		};
/* End PBXResourcesBuildPhase section */

/* Begin PBXSourcesBuildPhase section */
		602D866421F7A5AC00234338 /* Sources */ = {
			isa = PBXSourcesBuildPhase;
			buildActionMask = 2147483647;
			files = (
				602D866E21F7A5AC00234338 /* ViewController.swift in Sources */,
				602D866C21F7A5AC00234338 /* AppDelegate.swift in Sources */,
				602D869C21F7B16200234338 /* DoerClass.swift in Sources */,
				602D869A21F7A5E900234338 /* ThreadSafeClass.swift in Sources */,
			);
			runOnlyForDeploymentPostprocessing = 0;
		};
		602D867821F7A5AE00234338 /* Sources */ = {
			isa = PBXSourcesBuildPhase;
			buildActionMask = 2147483647;
			files = (
			);
			runOnlyForDeploymentPostprocessing = 0;
		};
		602D868321F7A5AE00234338 /* Sources */ = {
			isa = PBXSourcesBuildPhase;
			buildActionMask = 2147483647;
			files = (
			);
			runOnlyForDeploymentPostprocessing = 0;
		};
/* End PBXSourcesBuildPhase section */

/* Begin PBXTargetDependency section */
		602D867E21F7A5AE00234338 /* PBXTargetDependency */ = {
			isa = PBXTargetDependency;
			target = 602D866721F7A5AC00234338 /* MultiThreadingExamplesSwift */;
			targetProxy = 602D867D21F7A5AE00234338 /* PBXContainerItemProxy */;
		};
		602D868921F7A5AE00234338 /* PBXTargetDependency */ = {
			isa = PBXTargetDependency;
			target = 602D866721F7A5AC00234338 /* MultiThreadingExamplesSwift */;
			targetProxy = 602D868821F7A5AE00234338 /* PBXContainerItemProxy */;
		};
/* End PBXTargetDependency section */

/* Begin PBXVariantGroup section */
		602D866F21F7A5AC00234338 /* Main.storyboard */ = {
			isa = PBXVariantGroup;
			children = (
				602D867021F7A5AC00234338 /* Base */,
			);
			name = Main.storyboard;
			sourceTree = "<group>";
		};
		602D867421F7A5AE00234338 /* LaunchScreen.storyboard */ = {
			isa = PBXVariantGroup;
			children = (
				602D867521F7A5AE00234338 /* Base */,
			);
			name = LaunchScreen.storyboard;
			sourceTree = "<group>";
		};
/* End PBXVariantGroup section */

/* Begin XCBuildConfiguration section */
		602D868E21F7A5AE00234338 /* Debug */ = {
			isa = XCBuildConfiguration;
			buildSettings = {
				ALWAYS_SEARCH_USER_PATHS = NO;
				CLANG_ANALYZER_NONNULL = YES;
				CLANG_ANALYZER_NUMBER_OBJECT_CONVERSION = YES_AGGRESSIVE;
				CLANG_CXX_LANGUAGE_STANDARD = "gnu++14";
				CLANG_CXX_LIBRARY = "libc++";
				CLANG_ENABLE_MODULES = YES;
				CLANG_ENABLE_OBJC_ARC = YES;
				CLANG_ENABLE_OBJC_WEAK = YES;
				CLANG_WARN_BLOCK_CAPTURE_AUTORELEASING = YES;
				CLANG_WARN_BOOL_CONVERSION = YES;
				CLANG_WARN_COMMA = YES;
				CLANG_WARN_CONSTANT_CONVERSION = YES;
				CLANG_WARN_DEPRECATED_OBJC_IMPLEMENTATIONS = YES;
				CLANG_WARN_DIRECT_OBJC_ISA_USAGE = YES_ERROR;
				CLANG_WARN_DOCUMENTATION_COMMENTS = YES;
				CLANG_WARN_EMPTY_BODY = YES;
				CLANG_WARN_ENUM_CONVERSION = YES;
				CLANG_WARN_INFINITE_RECURSION = YES;
				CLANG_WARN_INT_CONVERSION = YES;
				CLANG_WARN_NON_LITERAL_NULL_CONVERSION = YES;
				CLANG_WARN_OBJC_IMPLICIT_RETAIN_SELF = YES;
				CLANG_WARN_OBJC_LITERAL_CONVERSION = YES;
				CLANG_WARN_OBJC_ROOT_CLASS = YES_ERROR;
				CLANG_WARN_RANGE_LOOP_ANALYSIS = YES;
				CLANG_WARN_STRICT_PROTOTYPES = YES;
				CLANG_WARN_SUSPICIOUS_MOVE = YES;
				CLANG_WARN_UNGUARDED_AVAILABILITY = YES_AGGRESSIVE;
				CLANG_WARN_UNREACHABLE_CODE = YES;
				CLANG_WARN__DUPLICATE_METHOD_MATCH = YES;
				CODE_SIGN_IDENTITY = "iPhone Developer";
				COPY_PHASE_STRIP = NO;
				DEBUG_INFORMATION_FORMAT = dwarf;
				ENABLE_STRICT_OBJC_MSGSEND = YES;
				ENABLE_TESTABILITY = YES;
				GCC_C_LANGUAGE_STANDARD = gnu11;
				GCC_DYNAMIC_NO_PIC = NO;
				GCC_NO_COMMON_BLOCKS = YES;
				GCC_OPTIMIZATION_LEVEL = 0;
				GCC_PREPROCESSOR_DEFINITIONS = (
					"DEBUG=1",
					"$(inherited)",
				);
				GCC_WARN_64_TO_32_BIT_CONVERSION = YES;
				GCC_WARN_ABOUT_RETURN_TYPE = YES_ERROR;
				GCC_WARN_UNDECLARED_SELECTOR = YES;
				GCC_WARN_UNINITIALIZED_AUTOS = YES_AGGRESSIVE;
				GCC_WARN_UNUSED_FUNCTION = YES;
				GCC_WARN_UNUSED_VARIABLE = YES;
				IPHONEOS_DEPLOYMENT_TARGET = 12.1;
				MTL_ENABLE_DEBUG_INFO = INCLUDE_SOURCE;
				MTL_FAST_MATH = YES;
				ONLY_ACTIVE_ARCH = YES;
				SDKROOT = iphoneos;
				SWIFT_ACTIVE_COMPILATION_CONDITIONS = DEBUG;
				SWIFT_OPTIMIZATION_LEVEL = "-Onone";
			};
			name = Debug;
		};
		602D868F21F7A5AE00234338 /* Release */ = {
			isa = XCBuildConfiguration;
			buildSettings = {
				ALWAYS_SEARCH_USER_PATHS = NO;
				CLANG_ANALYZER_NONNULL = YES;
				CLANG_ANALYZER_NUMBER_OBJECT_CONVERSION = YES_AGGRESSIVE;
				CLANG_CXX_LANGUAGE_STANDARD = "gnu++14";
				CLANG_CXX_LIBRARY = "libc++";
				CLANG_ENABLE_MODULES = YES;
				CLANG_ENABLE_OBJC_ARC = YES;
				CLANG_ENABLE_OBJC_WEAK = YES;
				CLANG_WARN_BLOCK_CAPTURE_AUTORELEASING = YES;
				CLANG_WARN_BOOL_CONVERSION = YES;
				CLANG_WARN_COMMA = YES;
				CLANG_WARN_CONSTANT_CONVERSION = YES;
				CLANG_WARN_DEPRECATED_OBJC_IMPLEMENTATIONS = YES;
				CLANG_WARN_DIRECT_OBJC_ISA_USAGE = YES_ERROR;
				CLANG_WARN_DOCUMENTATION_COMMENTS = YES;
				CLANG_WARN_EMPTY_BODY = YES;
				CLANG_WARN_ENUM_CONVERSION = YES;
				CLANG_WARN_INFINITE_RECURSION = YES;
				CLANG_WARN_INT_CONVERSION = YES;
				CLANG_WARN_NON_LITERAL_NULL_CONVERSION = YES;
				CLANG_WARN_OBJC_IMPLICIT_RETAIN_SELF = YES;
				CLANG_WARN_OBJC_LITERAL_CONVERSION = YES;
				CLANG_WARN_OBJC_ROOT_CLASS = YES_ERROR;
				CLANG_WARN_RANGE_LOOP_ANALYSIS = YES;
				CLANG_WARN_STRICT_PROTOTYPES = YES;
				CLANG_WARN_SUSPICIOUS_MOVE = YES;
				CLANG_WARN_UNGUARDED_AVAILABILITY = YES_AGGRESSIVE;
				CLANG_WARN_UNREACHABLE_CODE = YES;
				CLANG_WARN__DUPLICATE_METHOD_MATCH = YES;
				CODE_SIGN_IDENTITY = "iPhone Developer";
				COPY_PHASE_STRIP = NO;
				DEBUG_INFORMATION_FORMAT = "dwarf-with-dsym";
				ENABLE_NS_ASSERTIONS = NO;
				ENABLE_STRICT_OBJC_MSGSEND = YES;
				GCC_C_LANGUAGE_STANDARD = gnu11;
				GCC_NO_COMMON_BLOCKS = YES;
				GCC_WARN_64_TO_32_BIT_CONVERSION = YES;
				GCC_WARN_ABOUT_RETURN_TYPE = YES_ERROR;
				GCC_WARN_UNDECLARED_SELECTOR = YES;
				GCC_WARN_UNINITIALIZED_AUTOS = YES_AGGRESSIVE;
				GCC_WARN_UNUSED_FUNCTION = YES;
				GCC_WARN_UNUSED_VARIABLE = YES;
				IPHONEOS_DEPLOYMENT_TARGET = 12.1;
				MTL_ENABLE_DEBUG_INFO = NO;
				MTL_FAST_MATH = YES;
				SDKROOT = iphoneos;
				SWIFT_COMPILATION_MODE = wholemodule;
				SWIFT_OPTIMIZATION_LEVEL = "-O";
				VALIDATE_PRODUCT = YES;
			};
			name = Release;
		};
		602D869121F7A5AE00234338 /* Debug */ = {
			isa = XCBuildConfiguration;
			buildSettings = {
				ASSETCATALOG_COMPILER_APPICON_NAME = AppIcon;
				CODE_SIGN_STYLE = Automatic;
				DEVELOPMENT_TEAM = G8AA5PA5TS;
				INFOPLIST_FILE = MultiThreadingExamplesSwift/Info.plist;
				LD_RUNPATH_SEARCH_PATHS = (
					"$(inherited)",
					"@executable_path/Frameworks",
				);
				PRODUCT_BUNDLE_IDENTIFIER = "-.MultiThreadingExamplesSwift";
				PRODUCT_NAME = "$(TARGET_NAME)";
				SWIFT_VERSION = 4.2;
				TARGETED_DEVICE_FAMILY = "1,2";
			};
			name = Debug;
		};
		602D869221F7A5AE00234338 /* Release */ = {
			isa = XCBuildConfiguration;
			buildSettings = {
				ASSETCATALOG_COMPILER_APPICON_NAME = AppIcon;
				CODE_SIGN_STYLE = Automatic;
				DEVELOPMENT_TEAM = G8AA5PA5TS;
				INFOPLIST_FILE = MultiThreadingExamplesSwift/Info.plist;
				LD_RUNPATH_SEARCH_PATHS = (
					"$(inherited)",
					"@executable_path/Frameworks",
				);
				PRODUCT_BUNDLE_IDENTIFIER = "-.MultiThreadingExamplesSwift";
				PRODUCT_NAME = "$(TARGET_NAME)";
				SWIFT_VERSION = 4.2;
				TARGETED_DEVICE_FAMILY = "1,2";
			};
			name = Release;
		};
		602D869421F7A5AE00234338 /* Debug */ = {
			isa = XCBuildConfiguration;
			buildSettings = {
				ALWAYS_EMBED_SWIFT_STANDARD_LIBRARIES = YES;
				BUNDLE_LOADER = "$(TEST_HOST)";
				CODE_SIGN_STYLE = Automatic;
				DEVELOPMENT_TEAM = G8AA5PA5TS;
				INFOPLIST_FILE = MultiThreadingExamplesSwiftTests/Info.plist;
				LD_RUNPATH_SEARCH_PATHS = (
					"$(inherited)",
					"@executable_path/Frameworks",
					"@loader_path/Frameworks",
				);
				PRODUCT_BUNDLE_IDENTIFIER = "-.MultiThreadingExamplesSwiftTests";
				PRODUCT_NAME = "$(TARGET_NAME)";
				SWIFT_VERSION = 4.2;
				TARGETED_DEVICE_FAMILY = "1,2";
				TEST_HOST = "$(BUILT_PRODUCTS_DIR)/MultiThreadingExamplesSwift.app/MultiThreadingExamplesSwift";
			};
			name = Debug;
		};
		602D869521F7A5AE00234338 /* Release */ = {
			isa = XCBuildConfiguration;
			buildSettings = {
				ALWAYS_EMBED_SWIFT_STANDARD_LIBRARIES = YES;
				BUNDLE_LOADER = "$(TEST_HOST)";
				CODE_SIGN_STYLE = Automatic;
				DEVELOPMENT_TEAM = G8AA5PA5TS;
				INFOPLIST_FILE = MultiThreadingExamplesSwiftTests/Info.plist;
				LD_RUNPATH_SEARCH_PATHS = (
					"$(inherited)",
					"@executable_path/Frameworks",
					"@loader_path/Frameworks",
				);
				PRODUCT_BUNDLE_IDENTIFIER = "-.MultiThreadingExamplesSwiftTests";
				PRODUCT_NAME = "$(TARGET_NAME)";
				SWIFT_VERSION = 4.2;
				TARGETED_DEVICE_FAMILY = "1,2";
				TEST_HOST = "$(BUILT_PRODUCTS_DIR)/MultiThreadingExamplesSwift.app/MultiThreadingExamplesSwift";
			};
			name = Release;
		};
		602D869721F7A5AE00234338 /* Debug */ = {
			isa = XCBuildConfiguration;
			buildSettings = {
				ALWAYS_EMBED_SWIFT_STANDARD_LIBRARIES = YES;
				CODE_SIGN_STYLE = Automatic;
				DEVELOPMENT_TEAM = G8AA5PA5TS;
				INFOPLIST_FILE = MultiThreadingExamplesSwiftUITests/Info.plist;
				LD_RUNPATH_SEARCH_PATHS = (
					"$(inherited)",
					"@executable_path/Frameworks",
					"@loader_path/Frameworks",
				);
				PRODUCT_BUNDLE_IDENTIFIER = "-.MultiThreadingExamplesSwiftUITests";
				PRODUCT_NAME = "$(TARGET_NAME)";
				SWIFT_VERSION = 4.2;
				TARGETED_DEVICE_FAMILY = "1,2";
				TEST_TARGET_NAME = MultiThreadingExamplesSwift;
			};
			name = Debug;
		};
		602D869821F7A5AE00234338 /* Release */ = {
			isa = XCBuildConfiguration;
			buildSettings = {
				ALWAYS_EMBED_SWIFT_STANDARD_LIBRARIES = YES;
				CODE_SIGN_STYLE = Automatic;
				DEVELOPMENT_TEAM = G8AA5PA5TS;
				INFOPLIST_FILE = MultiThreadingExamplesSwiftUITests/Info.plist;
				LD_RUNPATH_SEARCH_PATHS = (
					"$(inherited)",
					"@executable_path/Frameworks",
					"@loader_path/Frameworks",
				);
				PRODUCT_BUNDLE_IDENTIFIER = "-.MultiThreadingExamplesSwiftUITests";
				PRODUCT_NAME = "$(TARGET_NAME)";
				SWIFT_VERSION = 4.2;
				TARGETED_DEVICE_FAMILY = "1,2";
				TEST_TARGET_NAME = MultiThreadingExamplesSwift;
			};
			name = Release;
		};
/* End XCBuildConfiguration section */

/* Begin XCConfigurationList section */
		602D866321F7A5AC00234338 /* Build configuration list for PBXProject "MultiThreadingExamplesSwift" */ = {
			isa = XCConfigurationList;
			buildConfigurations = (
				602D868E21F7A5AE00234338 /* Debug */,
				602D868F21F7A5AE00234338 /* Release */,
			);
			defaultConfigurationIsVisible = 0;
			defaultConfigurationName = Release;
		};
		602D869021F7A5AE00234338 /* Build configuration list for PBXNativeTarget "MultiThreadingExamplesSwift" */ = {
			isa = XCConfigurationList;
			buildConfigurations = (
				602D869121F7A5AE00234338 /* Debug */,
				602D869221F7A5AE00234338 /* Release */,
			);
			defaultConfigurationIsVisible = 0;
			defaultConfigurationName = Release;
		};
		602D869321F7A5AE00234338 /* Build configuration list for PBXNativeTarget "MultiThreadingExamplesSwiftTests" */ = {
			isa = XCConfigurationList;
			buildConfigurations = (
				602D869421F7A5AE00234338 /* Debug */,
				602D869521F7A5AE00234338 /* Release */,
			);
			defaultConfigurationIsVisible = 0;
			defaultConfigurationName = Release;
		};
		602D869621F7A5AE00234338 /* Build configuration list for PBXNativeTarget "MultiThreadingExamplesSwiftUITests" */ = {
			isa = XCConfigurationList;
			buildConfigurations = (
				602D869721F7A5AE00234338 /* Debug */,
				602D869821F7A5AE00234338 /* Release */,
			);
			defaultConfigurationIsVisible = 0;
			defaultConfigurationName = Release;
		};
/* End XCConfigurationList section */
	};
	rootObject = 602D866021F7A5AC00234338 /* Project object */;
}
